
Microsoft Visual Studio Solution File, Format Version 12.00
# Visual Studio Version 17
VisualStudioVersion = 17.14.37012.4
MinimumVisualStudioVersion = 10.0.40219.1
Project("{FAE04EC0-301F-11D3-BF4B-00C04F79EFBC}") = "Entities", "Entities\Entities.csproj", "{06365FA1-7648-48C7-A1E3-9F85CB6FBD25}"
EndProject
Project("{FAE04EC0-301F-11D3-BF4B-00C04F79EFBC}") = "Repositories", "Repositories\Repositories.csproj", "{6463FD10-B012-4A09-9E00-118DCBE1483D}"
EndProject
Project("{FAE04EC0-301F-11D3-BF4B-00C04F79EFBC}") = "Services", "Services\Services.csproj", "{5558BC5E-ADF2-409C-825A-80985490A85F}"
EndProject
Project("{FAE04EC0-301F-11D3-BF4B-00C04F79EFBC}") = "API", "API\API.csproj", "{65FE7A8D-2072-4FDE-A3BE-867B72249F66}"
EndProject
Global
	GlobalSection(SolutionConfigurationPlatforms) = preSolution
		Debug|Any CPU = Debug|Any CPU
		Release|Any CPU = Release|Any CPU
	EndGlobalSection
	GlobalSection(ProjectConfigurationPlatforms) = postSolution
		{06365FA1-7648-48C7-A1E3-9F85CB6FBD25}.Debug|Any CPU.ActiveCfg = Debug|Any CPU
		{06365FA1-7648-48C7-A1E3-9F85CB6FBD25}.Debug|Any CPU.Build.0 = Debug|Any CPU
		{06365FA1-7648-48C7-A1E3-9F85CB6FBD25}.Release|Any CPU.ActiveCfg = Release|Any CPU
		{06365FA1-7648-48C7-A1E3-9F85CB6FBD25}.Release|Any CPU.Build.0 = Release|Any CPU
		{6463FD10-B012-4A09-9E00-118DCBE1483D}.Debug|Any CPU.ActiveCfg = Debug|Any CPU
		{6463FD10-B012-4A09-9E00-118DCBE1483D}.Debug|Any CPU.Build.0 = Debug|Any CPU
		{6463FD10-B012-4A09-9E00-118DCBE1483D}.Release|Any CPU.ActiveCfg = Release|Any CPU
		{6463FD10-B012-4A09-9E00-118DCBE1483D}.Release|Any CPU.Build.0 = Release|Any CPU
		{5558BC5E-ADF2-409C-825A-80985490A85F}.Debug|Any CPU.ActiveCfg = Debug|Any CPU
		{5558BC5E-ADF2-409C-825A-80985490A85F}.Debug|Any CPU.Build.0 = Debug|Any CPU
		{5558BC5E-ADF2-409C-825A-80985490A85F}.Release|Any CPU.ActiveCfg = Release|Any CPU
		{5558BC5E-ADF2-409C-825A-80985490A85F}.Release|Any CPU.Build.0 = Release|Any CPU
		{65FE7A8D-2072-4FDE-A3BE-867B72249F66}.Debug|Any CPU.ActiveCfg = Debug|Any CPU
		{65FE7A8D-2072-4FDE-A3BE-867B72249F66}.Debug|Any CPU.Build.0 = Debug|Any CPU
		{65FE7A8D-2072-4FDE-A3BE-867B72249F66}.Release|Any CPU.ActiveCfg = Release|Any CPU
		{65FE7A8D-2072-4FDE-A3BE-867B72249F66}.Release|Any CPU.Build.0 = Release|Any CPU
	EndGlobalSection
	GlobalSection(SolutionProperties) = preSolution
		HideSolutionNode = FALSE
	EndGlobalSection
	GlobalSection(ExtensibilityGlobals) = postSolution
		SolutionGuid = {A8DABC92-4707-4276-B08F-8E35FEF404DD}
	EndGlobalSection
EndGlobal
